
Microsoft Visual Studio Solution File, Format Version 12.00
# Visual Studio Version 17
VisualStudioVersion = 17.2.32616.157
MinimumVisualStudioVersion = 10.0.40219.1
Project("{FAE04EC0-301F-11D3-BF4B-00C04F79EFBC}") = "gpd_323", "gpd_323\gpd_323.csproj", "{AB0BA3FC-95B9-45A0-AEE8-AE3D85F319DD}"
EndProject
Global
	GlobalSection(SolutionConfigurationPlatforms) = preSolution
		Debug|Any CPU = Debug|Any CPU
		Release|Any CPU = Release|Any CPU
	EndGlobalSection
	GlobalSection(ProjectConfigurationPlatforms) = postSolution
		{AB0BA3FC-95B9-45A0-AEE8-AE3D85F319DD}.Debug|Any CPU.ActiveCfg = Debug|Any CPU
		{AB0BA3FC-95B9-45A0-AEE8-AE3D85F319DD}.Debug|Any CPU.Build.0 = Debug|Any CPU
		{AB0BA3FC-95B9-45A0-AEE8-AE3D85F319DD}.Release|Any CPU.ActiveCfg = Release|Any CPU
		{AB0BA3FC-95B9-45A0-AEE8-AE3D85F319DD}.Release|Any CPU.Build.0 = Release|Any CPU
	EndGlobalSection
	GlobalSection(SolutionProperties) = preSolution
		HideSolutionNode = FALSE
	EndGlobalSection
	GlobalSection(ExtensibilityGlobals) = postSolution
		SolutionGuid = {08B4F161-DAD3-4DA1-A6EE-A2F4D2C655FE}
	EndGlobalSection
EndGlobal
